
Microsoft Visual Studio Solution File, Format Version 12.00
# Visual Studio Version 16
VisualStudioVersion = 16.0.30611.23
MinimumVisualStudioVersion = 10.0.40219.1
Project("{FAE04EC0-301F-11D3-BF4B-00C04F79EFBC}") = "Formulario", "Formulario\Formulario.csproj", "{D03B4B8B-9ECE-4EFA-86F2-FB39D450677A}"
EndProject
Global
	GlobalSection(SolutionConfigurationPlatforms) = preSolution
		Debug|Any CPU = Debug|Any CPU
		Release|Any CPU = Release|Any CPU
	EndGlobalSection
	GlobalSection(ProjectConfigurationPlatforms) = postSolution
		{D03B4B8B-9ECE-4EFA-86F2-FB39D450677A}.Debug|Any CPU.ActiveCfg = Debug|Any CPU
		{D03B4B8B-9ECE-4EFA-86F2-FB39D450677A}.Debug|Any CPU.Build.0 = Debug|Any CPU
		{D03B4B8B-9ECE-4EFA-86F2-FB39D450677A}.Release|Any CPU.ActiveCfg = Release|Any CPU
		{D03B4B8B-9ECE-4EFA-86F2-FB39D450677A}.Release|Any CPU.Build.0 = Release|Any CPU
	EndGlobalSection
	GlobalSection(SolutionProperties) = preSolution
		HideSolutionNode = FALSE
	EndGlobalSection
	GlobalSection(ExtensibilityGlobals) = postSolution
		SolutionGuid = {D012AF62-D6F1-4CC2-BC12-B8028CBEC640}
	EndGlobalSection
EndGlobal
